{
    "_readme": [
        "This file locks the dependencies of your project to a known state",
        "Read more about it at https://getcomposer.org/doc/01-basic-usage.md#composer-lock-the-lock-file",
        "This file is @generated automatically"
    ],
    "content-hash": "5390895a0010ef66cf691bb016dfa9a0",
    "packages": [
        {
            "name": "jmcmanus/pagedown-extra",
            "version": "v0.1.0",
            "source": {
                "type": "git",
                "url": "https://github.com/kael-shipman/pagedown-extra.git",
                "reference": "eef7e79bed71fb6c44ff903474edbdf796aab83d"
            },
            "dist": {
                "type": "zip",
                "url": "https://api.github.com/repos/kael-shipman/pagedown-extra/zipball/eef7e79bed71fb6c44ff903474edbdf796aab83d",
                "reference": "eef7e79bed71fb6c44ff903474edbdf796aab83d",
                "shasum": ""
            },
            "type": "library",
            "notification-url": "https://packagist.org/downloads/",
            "description": "This is a collection of Pagedown plugins to enable support for Markdown Extra syntax. Open demo/demo.html to try it yourself. To run the tests, just open spec/SpecRunner.html in your browser. Or, to run a browser-less test from the command line as travis-ci would, run bundle install followed by bundle exec rake. You'll need Ruby and the rake gem if you use the second method.",
            "keywords": [
                "markdown",
                "markdown extra"
            ],
            "time": "2017-06-20T01:12:29+00:00"
        },
        {
            "name": "stackexchange/pagedown",
            "version": "v1.1.0",
            "source": {
                "type": "git",
                "url": "https://github.com/kael-shipman/pagedown.git",
                "reference": "6c619eb94392ebe419d609ee82f01451756d16c0"
            },
            "dist": {
                "type": "zip",
                "url": "https://api.github.com/repos/kael-shipman/pagedown/zipball/6c619eb94392ebe419d609ee82f01451756d16c0",
                "reference": "6c619eb94392ebe419d609ee82f01451756d16c0",
                "shasum": ""
            },
            "type": "library",
            "license": [
                "MIT"
            ],
            "description": "markdown converter, based on showdown",
            "homepage": "http://code.google.com/p/pagedown/wiki/PageDown",
            "keywords": [
                "markdown"
            ],
            "support": {
                "issues": "http://code.google.com/p/pagedown/issues/list",
                "source": "https://code.google.com/p/pagedown/"
            },
            "time": "2017-06-07T18:58:13+00:00"
        }
    ],
    "packages-dev": [],
    "aliases": [],
    "minimum-stability": "stable",
    "stability-flags": [],
    "prefer-stable": false,
    "prefer-lowest": false,
    "platform": [],
    "platform-dev": []
}
